
Microsoft Visual Studio Solution File, Format Version 12.00
# Visual Studio Version 16
VisualStudioVersion = 16.0.31025.194
MinimumVisualStudioVersion = 10.0.40219.1
Project("{FAE04EC0-301F-11D3-BF4B-00C04F79EFBC}") = "SemInterfaceEx", "SemInterfaceEx\SemInterfaceEx.csproj", "{472EF657-D2B9-4CE6-859A-ADD5F9D48511}"
EndProject
Global
	GlobalSection(SolutionConfigurationPlatforms) = preSolution
		Debug|Any CPU = Debug|Any CPU
		Release|Any CPU = Release|Any CPU
	EndGlobalSection
	GlobalSection(ProjectConfigurationPlatforms) = postSolution
		{472EF657-D2B9-4CE6-859A-ADD5F9D48511}.Debug|Any CPU.ActiveCfg = Debug|Any CPU
		{472EF657-D2B9-4CE6-859A-ADD5F9D48511}.Debug|Any CPU.Build.0 = Debug|Any CPU
		{472EF657-D2B9-4CE6-859A-ADD5F9D48511}.Release|Any CPU.ActiveCfg = Release|Any CPU
		{472EF657-D2B9-4CE6-859A-ADD5F9D48511}.Release|Any CPU.Build.0 = Release|Any CPU
	EndGlobalSection
	GlobalSection(SolutionProperties) = preSolution
		HideSolutionNode = FALSE
	EndGlobalSection
	GlobalSection(ExtensibilityGlobals) = postSolution
		SolutionGuid = {D655A289-0552-45F9-A3F5-B2CB59ACB0A1}
	EndGlobalSection
EndGlobal
